lockfileVersion: '6.0'

settings:
  autoInstallPeers: true
  excludeLinksFromLockfile: false

dependencies:
  lottie-web:
    specifier: ^5.12.2
    version: 5.12.2

packages:

  /lottie-web@5.12.2:
    resolution: {integrity: sha512-uvhvYPC8kGPjXT3MyKMrL3JitEAmDMp30lVkuq/590Mw9ok6pWcFCwXJveo0t5uqYw1UREQHofD+jVpdjBv8wg==}
    dev: false
